
Microsoft Visual Studio Solution File, Format Version 12.00
# Visual Studio 15
VisualStudioVersion = 15.0.27703.2018
MinimumVisualStudioVersion = 10.0.40219.1
Project("{FAE04EC0-301F-11D3-BF4B-00C04F79EFBC}") = "dss-versioningspike", "dss-versioningspike\dss-versioningspike.csproj", "{3C035156-2BE2-468D-84B5-5F51F2666EE6}"
EndProject
Global
	GlobalSection(SolutionConfigurationPlatforms) = preSolution
		Debug|Any CPU = Debug|Any CPU
		Release|Any CPU = Release|Any CPU
	EndGlobalSection
	GlobalSection(ProjectConfigurationPlatforms) = postSolution
		{3C035156-2BE2-468D-84B5-5F51F2666EE6}.Debug|Any CPU.ActiveCfg = Debug|Any CPU
		{3C035156-2BE2-468D-84B5-5F51F2666EE6}.Debug|Any CPU.Build.0 = Debug|Any CPU
		{3C035156-2BE2-468D-84B5-5F51F2666EE6}.Release|Any CPU.ActiveCfg = Release|Any CPU
		{3C035156-2BE2-468D-84B5-5F51F2666EE6}.Release|Any CPU.Build.0 = Release|Any CPU
	EndGlobalSection
	GlobalSection(SolutionProperties) = preSolution
		HideSolutionNode = FALSE
	EndGlobalSection
	GlobalSection(ExtensibilityGlobals) = postSolution
		SolutionGuid = {31AC4332-EDB0-45D6-A30B-98721D1EA2C1}
	EndGlobalSection
EndGlobal
